
Microsoft Visual Studio Solution File, Format Version 12.00
# Visual Studio Version 16
VisualStudioVersion = 16.0.30114.105
MinimumVisualStudioVersion = 10.0.40219.1
Project("{2150E333-8FDC-42A3-9474-1A3956D46DE8}") = "src", "src", "{0C481637-4162-4129-8F01-BEEF013713EE}"
EndProject
Project("{FAE04EC0-301F-11D3-BF4B-00C04F79EFBC}") = "SRP", "src\SRP\SRP.csproj", "{33077317-A2E4-468D-A8AC-11355A872180}"
EndProject
Project("{FAE04EC0-301F-11D3-BF4B-00C04F79EFBC}") = "OCP", "src\OCP\OCP.csproj", "{070AAE19-B074-4F2C-8A0F-3017C49EF4ED}"
EndProject
Project("{FAE04EC0-301F-11D3-BF4B-00C04F79EFBC}") = "LSP", "src\LSP\LSP.csproj", "{975EE276-2ABB-4DBF-8350-DAACDCA0BF66}"
EndProject
Project("{FAE04EC0-301F-11D3-BF4B-00C04F79EFBC}") = "ISP", "src\ISP\ISP.csproj", "{BF37FC97-6BDA-4D9C-908A-BDC2A93C054C}"
EndProject
Project("{FAE04EC0-301F-11D3-BF4B-00C04F79EFBC}") = "DIP", "src\DIP\DIP.csproj", "{584E8961-A5AA-46E8-A8DC-6E2123CA1E3D}"
EndProject
Global
	GlobalSection(SolutionConfigurationPlatforms) = preSolution
		Debug|Any CPU = Debug|Any CPU
		Debug|x64 = Debug|x64
		Debug|x86 = Debug|x86
		Release|Any CPU = Release|Any CPU
		Release|x64 = Release|x64
		Release|x86 = Release|x86
	EndGlobalSection
	GlobalSection(SolutionProperties) = preSolution
		HideSolutionNode = FALSE
	EndGlobalSection
	GlobalSection(ProjectConfigurationPlatforms) = postSolution
		{33077317-A2E4-468D-A8AC-11355A872180}.Debug|Any CPU.ActiveCfg = Debug|Any CPU
		{33077317-A2E4-468D-A8AC-11355A872180}.Debug|Any CPU.Build.0 = Debug|Any CPU
		{33077317-A2E4-468D-A8AC-11355A872180}.Debug|x64.ActiveCfg = Debug|Any CPU
		{33077317-A2E4-468D-A8AC-11355A872180}.Debug|x64.Build.0 = Debug|Any CPU
		{33077317-A2E4-468D-A8AC-11355A872180}.Debug|x86.ActiveCfg = Debug|Any CPU
		{33077317-A2E4-468D-A8AC-11355A872180}.Debug|x86.Build.0 = Debug|Any CPU
		{33077317-A2E4-468D-A8AC-11355A872180}.Release|Any CPU.ActiveCfg = Release|Any CPU
		{33077317-A2E4-468D-A8AC-11355A872180}.Release|Any CPU.Build.0 = Release|Any CPU
		{33077317-A2E4-468D-A8AC-11355A872180}.Release|x64.ActiveCfg = Release|Any CPU
		{33077317-A2E4-468D-A8AC-11355A872180}.Release|x64.Build.0 = Release|Any CPU
		{33077317-A2E4-468D-A8AC-11355A872180}.Release|x86.ActiveCfg = Release|Any CPU
		{33077317-A2E4-468D-A8AC-11355A872180}.Release|x86.Build.0 = Release|Any CPU
		{070AAE19-B074-4F2C-8A0F-3017C49EF4ED}.Debug|Any CPU.ActiveCfg = Debug|Any CPU
		{070AAE19-B074-4F2C-8A0F-3017C49EF4ED}.Debug|Any CPU.Build.0 = Debug|Any CPU
		{070AAE19-B074-4F2C-8A0F-3017C49EF4ED}.Debug|x64.ActiveCfg = Debug|Any CPU
		{070AAE19-B074-4F2C-8A0F-3017C49EF4ED}.Debug|x64.Build.0 = Debug|Any CPU
		{070AAE19-B074-4F2C-8A0F-3017C49EF4ED}.Debug|x86.ActiveCfg = Debug|Any CPU
		{070AAE19-B074-4F2C-8A0F-3017C49EF4ED}.Debug|x86.Build.0 = Debug|Any CPU
		{070AAE19-B074-4F2C-8A0F-3017C49EF4ED}.Release|Any CPU.ActiveCfg = Release|Any CPU
		{070AAE19-B074-4F2C-8A0F-3017C49EF4ED}.Release|Any CPU.Build.0 = Release|Any CPU
		{070AAE19-B074-4F2C-8A0F-3017C49EF4ED}.Release|x64.ActiveCfg = Release|Any CPU
		{070AAE19-B074-4F2C-8A0F-3017C49EF4ED}.Release|x64.Build.0 = Release|Any CPU
		{070AAE19-B074-4F2C-8A0F-3017C49EF4ED}.Release|x86.ActiveCfg = Release|Any CPU
		{070AAE19-B074-4F2C-8A0F-3017C49EF4ED}.Release|x86.Build.0 = Release|Any CPU
		{975EE276-2ABB-4DBF-8350-DAACDCA0BF66}.Debug|Any CPU.ActiveCfg = Debug|Any CPU
		{975EE276-2ABB-4DBF-8350-DAACDCA0BF66}.Debug|Any CPU.Build.0 = Debug|Any CPU
		{975EE276-2ABB-4DBF-8350-DAACDCA0BF66}.Debug|x64.ActiveCfg = Debug|Any CPU
		{975EE276-2ABB-4DBF-8350-DAACDCA0BF66}.Debug|x64.Build.0 = Debug|Any CPU
		{975EE276-2ABB-4DBF-8350-DAACDCA0BF66}.Debug|x86.ActiveCfg = Debug|Any CPU
		{975EE276-2ABB-4DBF-8350-DAACDCA0BF66}.Debug|x86.Build.0 = Debug|Any CPU
		{975EE276-2ABB-4DBF-8350-DAACDCA0BF66}.Release|Any CPU.ActiveCfg = Release|Any CPU
		{975EE276-2ABB-4DBF-8350-DAACDCA0BF66}.Release|Any CPU.Build.0 = Release|Any CPU
		{975EE276-2ABB-4DBF-8350-DAACDCA0BF66}.Release|x64.ActiveCfg = Release|Any CPU
		{975EE276-2ABB-4DBF-8350-DAACDCA0BF66}.Release|x64.Build.0 = Release|Any CPU
		{975EE276-2ABB-4DBF-8350-DAACDCA0BF66}.Release|x86.ActiveCfg = Release|Any CPU
		{975EE276-2ABB-4DBF-8350-DAACDCA0BF66}.Release|x86.Build.0 = Release|Any CPU
		{BF37FC97-6BDA-4D9C-908A-BDC2A93C054C}.Debug|Any CPU.ActiveCfg = Debug|Any CPU
		{BF37FC97-6BDA-4D9C-908A-BDC2A93C054C}.Debug|Any CPU.Build.0 = Debug|Any CPU
		{BF37FC97-6BDA-4D9C-908A-BDC2A93C054C}.Debug|x64.ActiveCfg = Debug|Any CPU
		{BF37FC97-6BDA-4D9C-908A-BDC2A93C054C}.Debug|x64.Build.0 = Debug|Any CPU
		{BF37FC97-6BDA-4D9C-908A-BDC2A93C054C}.Debug|x86.ActiveCfg = Debug|Any CPU
		{BF37FC97-6BDA-4D9C-908A-BDC2A93C054C}.Debug|x86.Build.0 = Debug|Any CPU
		{BF37FC97-6BDA-4D9C-908A-BDC2A93C054C}.Release|Any CPU.ActiveCfg = Release|Any CPU
		{BF37FC97-6BDA-4D9C-908A-BDC2A93C054C}.Release|Any CPU.Build.0 = Release|Any CPU
		{BF37FC97-6BDA-4D9C-908A-BDC2A93C054C}.Release|x64.ActiveCfg = Release|Any CPU
		{BF37FC97-6BDA-4D9C-908A-BDC2A93C054C}.Release|x64.Build.0 = Release|Any CPU
		{BF37FC97-6BDA-4D9C-908A-BDC2A93C054C}.Release|x86.ActiveCfg = Release|Any CPU
		{BF37FC97-6BDA-4D9C-908A-BDC2A93C054C}.Release|x86.Build.0 = Release|Any CPU
		{584E8961-A5AA-46E8-A8DC-6E2123CA1E3D}.Debug|Any CPU.ActiveCfg = Debug|Any CPU
		{584E8961-A5AA-46E8-A8DC-6E2123CA1E3D}.Debug|Any CPU.Build.0 = Debug|Any CPU
		{584E8961-A5AA-46E8-A8DC-6E2123CA1E3D}.Debug|x64.ActiveCfg = Debug|Any CPU
		{584E8961-A5AA-46E8-A8DC-6E2123CA1E3D}.Debug|x64.Build.0 = Debug|Any CPU
		{584E8961-A5AA-46E8-A8DC-6E2123CA1E3D}.Debug|x86.ActiveCfg = Debug|Any CPU
		{584E8961-A5AA-46E8-A8DC-6E2123CA1E3D}.Debug|x86.Build.0 = Debug|Any CPU
		{584E8961-A5AA-46E8-A8DC-6E2123CA1E3D}.Release|Any CPU.ActiveCfg = Release|Any CPU
		{584E8961-A5AA-46E8-A8DC-6E2123CA1E3D}.Release|Any CPU.Build.0 = Release|Any CPU
		{584E8961-A5AA-46E8-A8DC-6E2123CA1E3D}.Release|x64.ActiveCfg = Release|Any CPU
		{584E8961-A5AA-46E8-A8DC-6E2123CA1E3D}.Release|x64.Build.0 = Release|Any CPU
		{584E8961-A5AA-46E8-A8DC-6E2123CA1E3D}.Release|x86.ActiveCfg = Release|Any CPU
		{584E8961-A5AA-46E8-A8DC-6E2123CA1E3D}.Release|x86.Build.0 = Release|Any CPU
	EndGlobalSection
	GlobalSection(NestedProjects) = preSolution
		{33077317-A2E4-468D-A8AC-11355A872180} = {0C481637-4162-4129-8F01-BEEF013713EE}
		{070AAE19-B074-4F2C-8A0F-3017C49EF4ED} = {0C481637-4162-4129-8F01-BEEF013713EE}
		{975EE276-2ABB-4DBF-8350-DAACDCA0BF66} = {0C481637-4162-4129-8F01-BEEF013713EE}
		{BF37FC97-6BDA-4D9C-908A-BDC2A93C054C} = {0C481637-4162-4129-8F01-BEEF013713EE}
		{584E8961-A5AA-46E8-A8DC-6E2123CA1E3D} = {0C481637-4162-4129-8F01-BEEF013713EE}
	EndGlobalSection
EndGlobal
